
Microsoft Visual Studio Solution File, Format Version 12.00
# Visual Studio Version 17
VisualStudioVersion = 17.10.35027.167
MinimumVisualStudioVersion = 10.0.40219.1
Project("{2150E333-8FDC-42A3-9474-1A3956D46DE8}") = "Example", "Example", "{B201CDA6-B949-446A-8CEE-D675E24FAF6C}"
EndProject
Project("{9A19103F-16F7-4668-BE54-9A1E7A4F7556}") = "Example.Order.API", "Example\Example.Order.API\Example.Order.API.csproj", "{AD6C3E31-8ECF-46BE-8AA2-88BBDEA4EB7B}"
EndProject
Project("{9A19103F-16F7-4668-BE54-9A1E7A4F7556}") = "Example.Shared", "Example\Example.Shared\Example.Shared.csproj", "{2E26FA8E-BFE4-4CF8-ACF4-039F8C794D51}"
EndProject
Project("{9A19103F-16F7-4668-BE54-9A1E7A4F7556}") = "Example.Stock.API", "Example\Example.Stock.API\Example.Stock.API.csproj", "{2828CD6B-4908-4B4E-86FA-CA70B33ED9E3}"
EndProject
Project("{9A19103F-16F7-4668-BE54-9A1E7A4F7556}") = "Example.Payment.API", "Example\Example.Payment.API\Example.Payment.API.csproj", "{8590E24E-6861-4697-A8F1-D7F6B405D462}"
EndProject
Global
	GlobalSection(SolutionConfigurationPlatforms) = preSolution
		Debug|Any CPU = Debug|Any CPU
		Release|Any CPU = Release|Any CPU
	EndGlobalSection
	GlobalSection(ProjectConfigurationPlatforms) = postSolution
		{AD6C3E31-8ECF-46BE-8AA2-88BBDEA4EB7B}.Debug|Any CPU.ActiveCfg = Debug|Any CPU
		{AD6C3E31-8ECF-46BE-8AA2-88BBDEA4EB7B}.Debug|Any CPU.Build.0 = Debug|Any CPU
		{AD6C3E31-8ECF-46BE-8AA2-88BBDEA4EB7B}.Release|Any CPU.ActiveCfg = Release|Any CPU
		{AD6C3E31-8ECF-46BE-8AA2-88BBDEA4EB7B}.Release|Any CPU.Build.0 = Release|Any CPU
		{2E26FA8E-BFE4-4CF8-ACF4-039F8C794D51}.Debug|Any CPU.ActiveCfg = Debug|Any CPU
		{2E26FA8E-BFE4-4CF8-ACF4-039F8C794D51}.Debug|Any CPU.Build.0 = Debug|Any CPU
		{2E26FA8E-BFE4-4CF8-ACF4-039F8C794D51}.Release|Any CPU.ActiveCfg = Release|Any CPU
		{2E26FA8E-BFE4-4CF8-ACF4-039F8C794D51}.Release|Any CPU.Build.0 = Release|Any CPU
		{2828CD6B-4908-4B4E-86FA-CA70B33ED9E3}.Debug|Any CPU.ActiveCfg = Debug|Any CPU
		{2828CD6B-4908-4B4E-86FA-CA70B33ED9E3}.Debug|Any CPU.Build.0 = Debug|Any CPU
		{2828CD6B-4908-4B4E-86FA-CA70B33ED9E3}.Release|Any CPU.ActiveCfg = Release|Any CPU
		{2828CD6B-4908-4B4E-86FA-CA70B33ED9E3}.Release|Any CPU.Build.0 = Release|Any CPU
		{8590E24E-6861-4697-A8F1-D7F6B405D462}.Debug|Any CPU.ActiveCfg = Debug|Any CPU
		{8590E24E-6861-4697-A8F1-D7F6B405D462}.Debug|Any CPU.Build.0 = Debug|Any CPU
		{8590E24E-6861-4697-A8F1-D7F6B405D462}.Release|Any CPU.ActiveCfg = Release|Any CPU
		{8590E24E-6861-4697-A8F1-D7F6B405D462}.Release|Any CPU.Build.0 = Release|Any CPU
	EndGlobalSection
	GlobalSection(SolutionProperties) = preSolution
		HideSolutionNode = FALSE
	EndGlobalSection
	GlobalSection(NestedProjects) = preSolution
		{AD6C3E31-8ECF-46BE-8AA2-88BBDEA4EB7B} = {B201CDA6-B949-446A-8CEE-D675E24FAF6C}
		{2E26FA8E-BFE4-4CF8-ACF4-039F8C794D51} = {B201CDA6-B949-446A-8CEE-D675E24FAF6C}
		{2828CD6B-4908-4B4E-86FA-CA70B33ED9E3} = {B201CDA6-B949-446A-8CEE-D675E24FAF6C}
		{8590E24E-6861-4697-A8F1-D7F6B405D462} = {B201CDA6-B949-446A-8CEE-D675E24FAF6C}
	EndGlobalSection
	GlobalSection(ExtensibilityGlobals) = postSolution
		SolutionGuid = {6D1E8361-6C10-497D-AF1C-BB09FFD6C6B0}
	EndGlobalSection
EndGlobal
