
Microsoft Visual Studio Solution File, Format Version 12.00
# Visual Studio Version 17
VisualStudioVersion = 17.10.35027.167
MinimumVisualStudioVersion = 10.0.40219.1
Project("{2150E333-8FDC-42A3-9474-1A3956D46DE8}") = "Example", "Example", "{B201CDA6-B949-446A-8CEE-D675E24FAF6C}"
EndProject
Project("{9A19103F-16F7-4668-BE54-9A1E7A4F7556}") = "Example.Order.API", "Example\Example.Order.API\Example.Order.API.csproj", "{AD6C3E31-8ECF-46BE-8AA2-88BBDEA4EB7B}"
EndProject
Project("{9A19103F-16F7-4668-BE54-9A1E7A4F7556}") = "Example.Shared", "Example\Example.Shared\Example.Shared.csproj", "{2E26FA8E-BFE4-4CF8-ACF4-039F8C794D51}"
EndProject
Project("{9A19103F-16F7-4668-BE54-9A1E7A4F7556}") = "Example.Stock.API", "Example\Example.Stock.API\Example.Stock.API.csproj", "{2828CD6B-4908-4B4E-86FA-CA70B33ED9E3}"
EndProject
Project("{9A19103F-16F7-4668-BE54-9A1E7A4F7556}") = "Example.Payment.API", "Example\Example.Payment.API\Example.Payment.API.csproj", "{8590E24E-6861-4697-A8F1-D7F6B405D462}"
EndProject
Project("{2150E333-8FDC-42A3-9474-1A3956D46DE8}") = "DataSynchronization", "DataSynchronization", "{1EACF63D-B45A-478A-8962-DFEE523F0FE4}"
EndProject
Project("{2150E333-8FDC-42A3-9474-1A3956D46DE8}") = "APIBased", "APIBased", "{5E607A32-D551-44C0-8999-1FFC76DAE991}"
EndProject
Project("{9A19103F-16F7-4668-BE54-9A1E7A4F7556}") = "DataSynchronization.APIBased.ServiceA", "DataSynchronization\APIBased\DataSynchronization.APIBased.ServiceA\DataSynchronization.APIBased.ServiceA.csproj", "{B0F9C2AA-6EC4-4E2C-8E2D-C4441F61AB2B}"
EndProject
Project("{9A19103F-16F7-4668-BE54-9A1E7A4F7556}") = "DataSynchronization.APIBased.ServiceB", "DataSynchronization\APIBased\DataSynchronization.APIBased.ServiceB\DataSynchronization.APIBased.ServiceB.csproj", "{0232EFAF-8BA5-4EAE-B8DE-55BEC0EAB240}"
EndProject
Project("{2150E333-8FDC-42A3-9474-1A3956D46DE8}") = "EventBased", "EventBased", "{49E3F267-F4D7-4C94-8A8F-147AFBAAC382}"
EndProject
Project("{9A19103F-16F7-4668-BE54-9A1E7A4F7556}") = "DataSynchronization.EventBased.ServiceA", "DataSynchronization\EventBased\DataSynchronization.EventBased.ServiceA\DataSynchronization.EventBased.ServiceA.csproj", "{AB32F2DB-D3DF-47DA-8300-0D356E0AF436}"
EndProject
Project("{9A19103F-16F7-4668-BE54-9A1E7A4F7556}") = "DataSynchronization.EventBased.ServiceB", "DataSynchronization\EventBased\DataSynchronization.EventBased.ServiceB\DataSynchronization.EventBased.ServiceB.csproj", "{B5D870EB-A2D8-4B3E-BD7C-4E873991D9FC}"
EndProject
Project("{9A19103F-16F7-4668-BE54-9A1E7A4F7556}") = "DataSynchronization.EventBased.Shared", "DataSynchronization\EventBased\DataSynchronization.EventBased.Shared\DataSynchronization.EventBased.Shared.csproj", "{F1008B5B-0DB3-4DC5-9ECD-996A99C74309}"
EndProject
Project("{2150E333-8FDC-42A3-9474-1A3956D46DE8}") = "HealthChecks", "HealthChecks", "{2A29BFDD-74FC-4472-BAC2-5496355A2A41}"
EndProject
Project("{FAE04EC0-301F-11D3-BF4B-00C04F79EFBC}") = "HealthChecks.Monitoring.Service", "HealthChecks\HealthChecks.Monitoring.Service\HealthChecks.Monitoring.Service.csproj", "{6C06949D-9FD8-4410-B101-0ED20E455D96}"
EndProject
Project("{FAE04EC0-301F-11D3-BF4B-00C04F79EFBC}") = "HealthChecks.ServiceA", "HealthChecks\HealthChecks.ServiceA\HealthChecks.ServiceA.csproj", "{B567937E-E0D4-43A8-9909-7C31774F4607}"
EndProject
Project("{FAE04EC0-301F-11D3-BF4B-00C04F79EFBC}") = "HealthChecks.ServiceB", "HealthChecks\HealthChecks.ServiceB\HealthChecks.ServiceB.csproj", "{5A3D3480-C466-44CE-80D0-8197B57C5C77}"
EndProject
Global
	GlobalSection(SolutionConfigurationPlatforms) = preSolution
		Debug|Any CPU = Debug|Any CPU
		Release|Any CPU = Release|Any CPU
	EndGlobalSection
	GlobalSection(ProjectConfigurationPlatforms) = postSolution
		{AD6C3E31-8ECF-46BE-8AA2-88BBDEA4EB7B}.Debug|Any CPU.ActiveCfg = Debug|Any CPU
		{AD6C3E31-8ECF-46BE-8AA2-88BBDEA4EB7B}.Debug|Any CPU.Build.0 = Debug|Any CPU
		{AD6C3E31-8ECF-46BE-8AA2-88BBDEA4EB7B}.Release|Any CPU.ActiveCfg = Release|Any CPU
		{AD6C3E31-8ECF-46BE-8AA2-88BBDEA4EB7B}.Release|Any CPU.Build.0 = Release|Any CPU
		{2E26FA8E-BFE4-4CF8-ACF4-039F8C794D51}.Debug|Any CPU.ActiveCfg = Debug|Any CPU
		{2E26FA8E-BFE4-4CF8-ACF4-039F8C794D51}.Debug|Any CPU.Build.0 = Debug|Any CPU
		{2E26FA8E-BFE4-4CF8-ACF4-039F8C794D51}.Release|Any CPU.ActiveCfg = Release|Any CPU
		{2E26FA8E-BFE4-4CF8-ACF4-039F8C794D51}.Release|Any CPU.Build.0 = Release|Any CPU
		{2828CD6B-4908-4B4E-86FA-CA70B33ED9E3}.Debug|Any CPU.ActiveCfg = Debug|Any CPU
		{2828CD6B-4908-4B4E-86FA-CA70B33ED9E3}.Debug|Any CPU.Build.0 = Debug|Any CPU
		{2828CD6B-4908-4B4E-86FA-CA70B33ED9E3}.Release|Any CPU.ActiveCfg = Release|Any CPU
		{2828CD6B-4908-4B4E-86FA-CA70B33ED9E3}.Release|Any CPU.Build.0 = Release|Any CPU
		{8590E24E-6861-4697-A8F1-D7F6B405D462}.Debug|Any CPU.ActiveCfg = Debug|Any CPU
		{8590E24E-6861-4697-A8F1-D7F6B405D462}.Debug|Any CPU.Build.0 = Debug|Any CPU
		{8590E24E-6861-4697-A8F1-D7F6B405D462}.Release|Any CPU.ActiveCfg = Release|Any CPU
		{8590E24E-6861-4697-A8F1-D7F6B405D462}.Release|Any CPU.Build.0 = Release|Any CPU
		{B0F9C2AA-6EC4-4E2C-8E2D-C4441F61AB2B}.Debug|Any CPU.ActiveCfg = Debug|Any CPU
		{B0F9C2AA-6EC4-4E2C-8E2D-C4441F61AB2B}.Debug|Any CPU.Build.0 = Debug|Any CPU
		{B0F9C2AA-6EC4-4E2C-8E2D-C4441F61AB2B}.Release|Any CPU.ActiveCfg = Release|Any CPU
		{B0F9C2AA-6EC4-4E2C-8E2D-C4441F61AB2B}.Release|Any CPU.Build.0 = Release|Any CPU
		{0232EFAF-8BA5-4EAE-B8DE-55BEC0EAB240}.Debug|Any CPU.ActiveCfg = Debug|Any CPU
		{0232EFAF-8BA5-4EAE-B8DE-55BEC0EAB240}.Debug|Any CPU.Build.0 = Debug|Any CPU
		{0232EFAF-8BA5-4EAE-B8DE-55BEC0EAB240}.Release|Any CPU.ActiveCfg = Release|Any CPU
		{0232EFAF-8BA5-4EAE-B8DE-55BEC0EAB240}.Release|Any CPU.Build.0 = Release|Any CPU
		{AB32F2DB-D3DF-47DA-8300-0D356E0AF436}.Debug|Any CPU.ActiveCfg = Debug|Any CPU
		{AB32F2DB-D3DF-47DA-8300-0D356E0AF436}.Debug|Any CPU.Build.0 = Debug|Any CPU
		{AB32F2DB-D3DF-47DA-8300-0D356E0AF436}.Release|Any CPU.ActiveCfg = Release|Any CPU
		{AB32F2DB-D3DF-47DA-8300-0D356E0AF436}.Release|Any CPU.Build.0 = Release|Any CPU
		{B5D870EB-A2D8-4B3E-BD7C-4E873991D9FC}.Debug|Any CPU.ActiveCfg = Debug|Any CPU
		{B5D870EB-A2D8-4B3E-BD7C-4E873991D9FC}.Debug|Any CPU.Build.0 = Debug|Any CPU
		{B5D870EB-A2D8-4B3E-BD7C-4E873991D9FC}.Release|Any CPU.ActiveCfg = Release|Any CPU
		{B5D870EB-A2D8-4B3E-BD7C-4E873991D9FC}.Release|Any CPU.Build.0 = Release|Any CPU
		{F1008B5B-0DB3-4DC5-9ECD-996A99C74309}.Debug|Any CPU.ActiveCfg = Debug|Any CPU
		{F1008B5B-0DB3-4DC5-9ECD-996A99C74309}.Debug|Any CPU.Build.0 = Debug|Any CPU
		{F1008B5B-0DB3-4DC5-9ECD-996A99C74309}.Release|Any CPU.ActiveCfg = Release|Any CPU
		{F1008B5B-0DB3-4DC5-9ECD-996A99C74309}.Release|Any CPU.Build.0 = Release|Any CPU
		{6C06949D-9FD8-4410-B101-0ED20E455D96}.Debug|Any CPU.ActiveCfg = Debug|Any CPU
		{6C06949D-9FD8-4410-B101-0ED20E455D96}.Debug|Any CPU.Build.0 = Debug|Any CPU
		{6C06949D-9FD8-4410-B101-0ED20E455D96}.Release|Any CPU.ActiveCfg = Release|Any CPU
		{6C06949D-9FD8-4410-B101-0ED20E455D96}.Release|Any CPU.Build.0 = Release|Any CPU
		{B567937E-E0D4-43A8-9909-7C31774F4607}.Debug|Any CPU.ActiveCfg = Debug|Any CPU
		{B567937E-E0D4-43A8-9909-7C31774F4607}.Debug|Any CPU.Build.0 = Debug|Any CPU
		{B567937E-E0D4-43A8-9909-7C31774F4607}.Release|Any CPU.ActiveCfg = Release|Any CPU
		{B567937E-E0D4-43A8-9909-7C31774F4607}.Release|Any CPU.Build.0 = Release|Any CPU
		{5A3D3480-C466-44CE-80D0-8197B57C5C77}.Debug|Any CPU.ActiveCfg = Debug|Any CPU
		{5A3D3480-C466-44CE-80D0-8197B57C5C77}.Debug|Any CPU.Build.0 = Debug|Any CPU
		{5A3D3480-C466-44CE-80D0-8197B57C5C77}.Release|Any CPU.ActiveCfg = Release|Any CPU
		{5A3D3480-C466-44CE-80D0-8197B57C5C77}.Release|Any CPU.Build.0 = Release|Any CPU
	EndGlobalSection
	GlobalSection(SolutionProperties) = preSolution
		HideSolutionNode = FALSE
	EndGlobalSection
	GlobalSection(NestedProjects) = preSolution
		{AD6C3E31-8ECF-46BE-8AA2-88BBDEA4EB7B} = {B201CDA6-B949-446A-8CEE-D675E24FAF6C}
		{2E26FA8E-BFE4-4CF8-ACF4-039F8C794D51} = {B201CDA6-B949-446A-8CEE-D675E24FAF6C}
		{2828CD6B-4908-4B4E-86FA-CA70B33ED9E3} = {B201CDA6-B949-446A-8CEE-D675E24FAF6C}
		{8590E24E-6861-4697-A8F1-D7F6B405D462} = {B201CDA6-B949-446A-8CEE-D675E24FAF6C}
		{5E607A32-D551-44C0-8999-1FFC76DAE991} = {1EACF63D-B45A-478A-8962-DFEE523F0FE4}
		{B0F9C2AA-6EC4-4E2C-8E2D-C4441F61AB2B} = {5E607A32-D551-44C0-8999-1FFC76DAE991}
		{0232EFAF-8BA5-4EAE-B8DE-55BEC0EAB240} = {5E607A32-D551-44C0-8999-1FFC76DAE991}
		{49E3F267-F4D7-4C94-8A8F-147AFBAAC382} = {1EACF63D-B45A-478A-8962-DFEE523F0FE4}
		{AB32F2DB-D3DF-47DA-8300-0D356E0AF436} = {49E3F267-F4D7-4C94-8A8F-147AFBAAC382}
		{B5D870EB-A2D8-4B3E-BD7C-4E873991D9FC} = {49E3F267-F4D7-4C94-8A8F-147AFBAAC382}
		{F1008B5B-0DB3-4DC5-9ECD-996A99C74309} = {49E3F267-F4D7-4C94-8A8F-147AFBAAC382}
		{6C06949D-9FD8-4410-B101-0ED20E455D96} = {2A29BFDD-74FC-4472-BAC2-5496355A2A41}
		{B567937E-E0D4-43A8-9909-7C31774F4607} = {2A29BFDD-74FC-4472-BAC2-5496355A2A41}
		{5A3D3480-C466-44CE-80D0-8197B57C5C77} = {2A29BFDD-74FC-4472-BAC2-5496355A2A41}
	EndGlobalSection
	GlobalSection(ExtensibilityGlobals) = postSolution
		SolutionGuid = {6D1E8361-6C10-497D-AF1C-BB09FFD6C6B0}
	EndGlobalSection
EndGlobal
